// !$*UTF8*$!
{
	archiveVersion = 1;
	classes = {
	};
	objectVersion = 77;
	objects = {

/* Begin PBXBuildFile section */
		D0CD9DC62D7ABCA400FD3A32 /* FirebaseAuth in Frameworks */ = {isa = PBXBuildFile; productRef = D0CD9DC52D7ABCA400FD3A32 /* FirebaseAuth */; };
		D0CD9DC82D7ABCA400FD3A32 /* FirebaseCore in Frameworks */ = {isa = PBXBuildFile; productRef = D0CD9DC72D7ABCA400FD3A32 /* FirebaseCore */; };
		D0CD9DCA2D7ABCA400FD3A32 /* FirebaseDynamicLinks in Frameworks */ = {isa = PBXBuildFile; productRef = D0CD9DC92D7ABCA400FD3A32 /* FirebaseDynamicLinks */; };
		D0CD9DCC2D7ABCA400FD3A32 /* FirebaseFirestore in Frameworks */ = {isa = PBXBuildFile; productRef = D0CD9DCB2D7ABCA400FD3A32 /* FirebaseFirestore */; };
/* End PBXBuildFile section */

/* Begin PBXContainerItemProxy section */
		D0D743322D791A0E00887648 /* PBXContainerItemProxy */ = {
			isa = PBXContainerItemProxy;
			containerPortal = D0D743192D791A0900887648 /* Project object */;
			proxyType = 1;
			remoteGlobalIDString = D0D743202D791A0A00887648;
			remoteInfo = "travel split";
		};
		D0D7433C2D791A0E00887648 /* PBXContainerItemProxy */ = {
			isa = PBXContainerItemProxy;
			containerPortal = D0D743192D791A0900887648 /* Project object */;
			proxyType = 1;
			remoteGlobalIDString = D0D743202D791A0A00887648;
			remoteInfo = "travel split";
		};
/* End PBXContainerItemProxy section */

/* Begin PBXFileReference section */
		D0D743212D791A0A00887648 /* travel split.app */ = {isa = PBXFileReference; explicitFileType = wrapper.application; includeInIndex = 0; path = "travel split.app"; sourceTree = BUILT_PRODUCTS_DIR; };
		D0D743312D791A0E00887648 /* travel splitTests.xctest */ = {isa = PBXFileReference; explicitFileType = wrapper.cfbundle; includeInIndex = 0; path = "travel splitTests.xctest"; sourceTree = BUILT_PRODUCTS_DIR; };
		D0D7433B2D791A0E00887648 /* travel splitUITests.xctest */ = {isa = PBXFileReference; explicitFileType = wrapper.cfbundle; includeInIndex = 0; path = "travel splitUITests.xctest"; sourceTree = BUILT_PRODUCTS_DIR; };
/* End PBXFileReference section */

/* Begin PBXFileSystemSynchronizedRootGroup section */
		D0D743232D791A0A00887648 /* travel split */ = {
			isa = PBXFileSystemSynchronizedRootGroup;
			path = "travel split";
			sourceTree = "<group>";
		};
		D0D743342D791A0E00887648 /* travel splitTests */ = {
			isa = PBXFileSystemSynchronizedRootGroup;
			path = "travel splitTests";
			sourceTree = "<group>";
		};
		D0D7433E2D791A0E00887648 /* travel splitUITests */ = {
			isa = PBXFileSystemSynchronizedRootGroup;
			path = "travel splitUITests";
			sourceTree = "<group>";
		};
/* End PBXFileSystemSynchronizedRootGroup section */

/* Begin PBXFrameworksBuildPhase section */
		D0D7431E2D791A0A00887648 /* Frameworks */ = {
			isa = PBXFrameworksBuildPhase;
			buildActionMask = 2147483647;
			files = (
				D0CD9DC82D7ABCA400FD3A32 /* FirebaseCore in Frameworks */,
				D0CD9DCC2D7ABCA400FD3A32 /* FirebaseFirestore in Frameworks */,
				D0CD9DC62D7ABCA400FD3A32 /* FirebaseAuth in Frameworks */,
				D0CD9DCA2D7ABCA400FD3A32 /* FirebaseDynamicLinks in Frameworks */,
			);
			runOnlyForDeploymentPostprocessing = 0;
		};
		D0D7432E2D791A0E00887648 /* Frameworks */ = {
			isa = PBXFrameworksBuildPhase;
			buildActionMask = 2147483647;
			files = (
			);
			runOnlyForDeploymentPostprocessing = 0;
		};
		D0D743382D791A0E00887648 /* Frameworks */ = {
			isa = PBXFrameworksBuildPhase;
			buildActionMask = 2147483647;
			files = (
			);
			runOnlyForDeploymentPostprocessing = 0;
		};
/* End PBXFrameworksBuildPhase section */

/* Begin PBXGroup section */
		D0D743182D791A0900887648 = {
			isa = PBXGroup;
			children = (
				D0D743232D791A0A00887648 /* travel split */,
				D0D743342D791A0E00887648 /* travel splitTests */,
				D0D7433E2D791A0E00887648 /* travel splitUITests */,
				D0D743222D791A0A00887648 /* Products */,
			);
			sourceTree = "<group>";
		};
		D0D743222D791A0A00887648 /* Products */ = {
			isa = PBXGroup;
			children = (
				D0D743212D791A0A00887648 /* travel split.app */,
				D0D743312D791A0E00887648 /* travel splitTests.xctest */,
				D0D7433B2D791A0E00887648 /* travel splitUITests.xctest */,
			);
			name = Products;
			sourceTree = "<group>";
		};
/* End PBXGroup section */

/* Begin PBXNativeTarget section */
		D0D743202D791A0A00887648 /* travel split */ = {
			isa = PBXNativeTarget;
			buildConfigurationList = D0D743452D791A0E00887648 /* Build configuration list for PBXNativeTarget "travel split" */;
			buildPhases = (
				D0D7431D2D791A0A00887648 /* Sources */,
				D0D7431E2D791A0A00887648 /* Frameworks */,
				D0D7431F2D791A0A00887648 /* Resources */,
			);
			buildRules = (
			);
			dependencies = (
			);
			fileSystemSynchronizedGroups = (
				D0D743232D791A0A00887648 /* travel split */,
			);
			name = "travel split";
			packageProductDependencies = (
				D0CD9DC52D7ABCA400FD3A32 /* FirebaseAuth */,
				D0CD9DC72D7ABCA400FD3A32 /* FirebaseCore */,
				D0CD9DC92D7ABCA400FD3A32 /* FirebaseDynamicLinks */,
				D0CD9DCB2D7ABCA400FD3A32 /* FirebaseFirestore */,
			);
			productName = "travel split";
			productReference = D0D743212D791A0A00887648 /* travel split.app */;
			productType = "com.apple.product-type.application";
		};
		D0D743302D791A0E00887648 /* travel splitTests */ = {
			isa = PBXNativeTarget;
			buildConfigurationList = D0D743482D791A0E00887648 /* Build configuration list for PBXNativeTarget "travel splitTests" */;
			buildPhases = (
				D0D7432D2D791A0E00887648 /* Sources */,
				D0D7432E2D791A0E00887648 /* Frameworks */,
				D0D7432F2D791A0E00887648 /* Resources */,
			);
			buildRules = (
			);
			dependencies = (
				D0D743332D791A0E00887648 /* PBXTargetDependency */,
			);
			fileSystemSynchronizedGroups = (
				D0D743342D791A0E00887648 /* travel splitTests */,
			);
			name = "travel splitTests";
			packageProductDependencies = (
			);
			productName = "travel splitTests";
			productReference = D0D743312D791A0E00887648 /* travel splitTests.xctest */;
			productType = "com.apple.product-type.bundle.unit-test";
		};
		D0D7433A2D791A0E00887648 /* travel splitUITests */ = {
			isa = PBXNativeTarget;
			buildConfigurationList = D0D7434B2D791A0E00887648 /* Build configuration list for PBXNativeTarget "travel splitUITests" */;
			buildPhases = (
				D0D743372D791A0E00887648 /* Sources */,
				D0D743382D791A0E00887648 /* Frameworks */,
				D0D743392D791A0E00887648 /* Resources */,
			);
			buildRules = (
			);
			dependencies = (
				D0D7433D2D791A0E00887648 /* PBXTargetDependency */,
			);
			fileSystemSynchronizedGroups = (
				D0D7433E2D791A0E00887648 /* travel splitUITests */,
			);
			name = "travel splitUITests";
			packageProductDependencies = (
			);
			productName = "travel splitUITests";
			productReference = D0D7433B2D791A0E00887648 /* travel splitUITests.xctest */;
			productType = "com.apple.product-type.bundle.ui-testing";
		};
/* End PBXNativeTarget section */

/* Begin PBXProject section */
		D0D743192D791A0900887648 /* Project object */ = {
			isa = PBXProject;
			attributes = {
				BuildIndependentTargetsInParallel = 1;
				LastSwiftUpdateCheck = 1620;
				LastUpgradeCheck = 1620;
				TargetAttributes = {
					D0D743202D791A0A00887648 = {
						CreatedOnToolsVersion = 16.2;
					};
					D0D743302D791A0E00887648 = {
						CreatedOnToolsVersion = 16.2;
						TestTargetID = D0D743202D791A0A00887648;
					};
					D0D7433A2D791A0E00887648 = {
						CreatedOnToolsVersion = 16.2;
						TestTargetID = D0D743202D791A0A00887648;
					};
				};
			};
			buildConfigurationList = D0D7431C2D791A0900887648 /* Build configuration list for PBXProject "travel split" */;
			developmentRegion = en;
			hasScannedForEncodings = 0;
			knownRegions = (
				en,
				Base,
			);
			mainGroup = D0D743182D791A0900887648;
			minimizedProjectReferenceProxies = 1;
			packageReferences = (
				D0CD9DC42D7ABCA400FD3A32 /* XCRemoteSwiftPackageReference "firebase-ios-sdk" */,
			);
			preferredProjectObjectVersion = 77;
			productRefGroup = D0D743222D791A0A00887648 /* Products */;
			projectDirPath = "";
			projectRoot = "";
			targets = (
				D0D743202D791A0A00887648 /* travel split */,
				D0D743302D791A0E00887648 /* travel splitTests */,
				D0D7433A2D791A0E00887648 /* travel splitUITests */,
			);
		};
/* End PBXProject section */

/* Begin PBXResourcesBuildPhase section */
		D0D7431F2D791A0A00887648 /* Resources */ = {
			isa = PBXResourcesBuildPhase;
			buildActionMask = 2147483647;
			files = (
			);
			runOnlyForDeploymentPostprocessing = 0;
		};
		D0D7432F2D791A0E00887648 /* Resources */ = {
			isa = PBXResourcesBuildPhase;
			buildActionMask = 2147483647;
			files = (
			);
			runOnlyForDeploymentPostprocessing = 0;
		};
		D0D743392D791A0E00887648 /* Resources */ = {
			isa = PBXResourcesBuildPhase;
			buildActionMask = 2147483647;
			files = (
			);
			runOnlyForDeploymentPostprocessing = 0;
		};
/* End PBXResourcesBuildPhase section */

/* Begin PBXSourcesBuildPhase section */
		D0D7431D2D791A0A00887648 /* Sources */ = {
			isa = PBXSourcesBuildPhase;
			buildActionMask = 2147483647;
			files = (
			);
			runOnlyForDeploymentPostprocessing = 0;
		};
		D0D7432D2D791A0E00887648 /* Sources */ = {
			isa = PBXSourcesBuildPhase;
			buildActionMask = 2147483647;
			files = (
			);
			runOnlyForDeploymentPostprocessing = 0;
		};
		D0D743372D791A0E00887648 /* Sources */ = {
			isa = PBXSourcesBuildPhase;
			buildActionMask = 2147483647;
			files = (
			);
			runOnlyForDeploymentPostprocessing = 0;
		};
/* End PBXSourcesBuildPhase section */

/* Begin PBXTargetDependency section */
		D0D743332D791A0E00887648 /* PBXTargetDependency */ = {
			isa = PBXTargetDependency;
			target = D0D743202D791A0A00887648 /* travel split */;
			targetProxy = D0D743322D791A0E00887648 /* PBXContainerItemProxy */;
		};
		D0D7433D2D791A0E00887648 /* PBXTargetDependency */ = {
			isa = PBXTargetDependency;
			target = D0D743202D791A0A00887648 /* travel split */;
			targetProxy = D0D7433C2D791A0E00887648 /* PBXContainerItemProxy */;
		};
/* End PBXTargetDependency section */

/* Begin XCBuildConfiguration section */
		D0D743432D791A0E00887648 /* Debug */ = {
			isa = XCBuildConfiguration;
			buildSettings = {
				ALWAYS_SEARCH_USER_PATHS = NO;
				ASSETCATALOG_COMPILER_GENERATE_SWIFT_ASSET_SYMBOL_EXTENSIONS = YES;
				CLANG_ANALYZER_NONNULL = YES;
				CLANG_ANALYZER_NUMBER_OBJECT_CONVERSION = YES_AGGRESSIVE;
				CLANG_CXX_LANGUAGE_STANDARD = "gnu++20";
				CLANG_ENABLE_MODULES = YES;
				CLANG_ENABLE_OBJC_ARC = YES;
				CLANG_ENABLE_OBJC_WEAK = YES;
				CLANG_WARN_BLOCK_CAPTURE_AUTORELEASING = YES;
				CLANG_WARN_BOOL_CONVERSION = YES;
				CLANG_WARN_COMMA = YES;
				CLANG_WARN_CONSTANT_CONVERSION = YES;
				CLANG_WARN_DEPRECATED_OBJC_IMPLEMENTATIONS = YES;
				CLANG_WARN_DIRECT_OBJC_ISA_USAGE = YES_ERROR;
				CLANG_WARN_DOCUMENTATION_COMMENTS = YES;
				CLANG_WARN_EMPTY_BODY = YES;
				CLANG_WARN_ENUM_CONVERSION = YES;
				CLANG_WARN_INFINITE_RECURSION = YES;
				CLANG_WARN_INT_CONVERSION = YES;
				CLANG_WARN_NON_LITERAL_NULL_CONVERSION = YES;
				CLANG_WARN_OBJC_IMPLICIT_RETAIN_SELF = YES;
				CLANG_WARN_OBJC_LITERAL_CONVERSION = YES;
				CLANG_WARN_OBJC_ROOT_CLASS = YES_ERROR;
				CLANG_WARN_QUOTED_INCLUDE_IN_FRAMEWORK_HEADER = YES;
				CLANG_WARN_RANGE_LOOP_ANALYSIS = YES;
				CLANG_WARN_STRICT_PROTOTYPES = YES;
				CLANG_WARN_SUSPICIOUS_MOVE = YES;
				CLANG_WARN_UNGUARDED_AVAILABILITY = YES_AGGRESSIVE;
				CLANG_WARN_UNREACHABLE_CODE = YES;
				CLANG_WARN__DUPLICATE_METHOD_MATCH = YES;
				COPY_PHASE_STRIP = NO;
				DEBUG_INFORMATION_FORMAT = dwarf;
				ENABLE_STRICT_OBJC_MSGSEND = YES;
				ENABLE_TESTABILITY = YES;
				ENABLE_USER_SCRIPT_SANDBOXING = YES;
				GCC_C_LANGUAGE_STANDARD = gnu17;
				GCC_DYNAMIC_NO_PIC = NO;
				GCC_NO_COMMON_BLOCKS = YES;
				GCC_OPTIMIZATION_LEVEL = 0;
				GCC_PREPROCESSOR_DEFINITIONS = (
					"DEBUG=1",
					"$(inherited)",
				);
				GCC_WARN_64_TO_32_BIT_CONVERSION = YES;
				GCC_WARN_ABOUT_RETURN_TYPE = YES_ERROR;
				GCC_WARN_UNDECLARED_SELECTOR = YES;
				GCC_WARN_UNINITIALIZED_AUTOS = YES_AGGRESSIVE;
				GCC_WARN_UNUSED_FUNCTION = YES;
				GCC_WARN_UNUSED_VARIABLE = YES;
				IPHONEOS_DEPLOYMENT_TARGET = 18.2;
				LOCALIZATION_PREFERS_STRING_CATALOGS = YES;
				MTL_ENABLE_DEBUG_INFO = INCLUDE_SOURCE;
				MTL_FAST_MATH = YES;
				ONLY_ACTIVE_ARCH = YES;
				SDKROOT = iphoneos;
				SWIFT_ACTIVE_COMPILATION_CONDITIONS = "DEBUG $(inherited)";
				SWIFT_OPTIMIZATION_LEVEL = "-Onone";
			};
			name = Debug;
		};
		D0D743442D791A0E00887648 /* Release */ = {
			isa = XCBuildConfiguration;
			buildSettings = {
				ALWAYS_SEARCH_USER_PATHS = NO;
				ASSETCATALOG_COMPILER_GENERATE_SWIFT_ASSET_SYMBOL_EXTENSIONS = YES;
				CLANG_ANALYZER_NONNULL = YES;
				CLANG_ANALYZER_NUMBER_OBJECT_CONVERSION = YES_AGGRESSIVE;
				CLANG_CXX_LANGUAGE_STANDARD = "gnu++20";
				CLANG_ENABLE_MODULES = YES;
				CLANG_ENABLE_OBJC_ARC = YES;
				CLANG_ENABLE_OBJC_WEAK = YES;
				CLANG_WARN_BLOCK_CAPTURE_AUTORELEASING = YES;
				CLANG_WARN_BOOL_CONVERSION = YES;
				CLANG_WARN_COMMA = YES;
				CLANG_WARN_CONSTANT_CONVERSION = YES;
				CLANG_WARN_DEPRECATED_OBJC_IMPLEMENTATIONS = YES;
				CLANG_WARN_DIRECT_OBJC_ISA_USAGE = YES_ERROR;
				CLANG_WARN_DOCUMENTATION_COMMENTS = YES;
				CLANG_WARN_EMPTY_BODY = YES;
				CLANG_WARN_ENUM_CONVERSION = YES;
				CLANG_WARN_INFINITE_RECURSION = YES;
				CLANG_WARN_INT_CONVERSION = YES;
				CLANG_WARN_NON_LITERAL_NULL_CONVERSION = YES;
				CLANG_WARN_OBJC_IMPLICIT_RETAIN_SELF = YES;
				CLANG_WARN_OBJC_LITERAL_CONVERSION = YES;
				CLANG_WARN_OBJC_ROOT_CLASS = YES_ERROR;
				CLANG_WARN_QUOTED_INCLUDE_IN_FRAMEWORK_HEADER = YES;
				CLANG_WARN_RANGE_LOOP_ANALYSIS = YES;
				CLANG_WARN_STRICT_PROTOTYPES = YES;
				CLANG_WARN_SUSPICIOUS_MOVE = YES;
				CLANG_WARN_UNGUARDED_AVAILABILITY = YES_AGGRESSIVE;
				CLANG_WARN_UNREACHABLE_CODE = YES;
				CLANG_WARN__DUPLICATE_METHOD_MATCH = YES;
				COPY_PHASE_STRIP = NO;
				DEBUG_INFORMATION_FORMAT = "dwarf-with-dsym";
				ENABLE_NS_ASSERTIONS = NO;
				ENABLE_STRICT_OBJC_MSGSEND = YES;
				ENABLE_USER_SCRIPT_SANDBOXING = YES;
				GCC_C_LANGUAGE_STANDARD = gnu17;
				GCC_NO_COMMON_BLOCKS = YES;
				GCC_WARN_64_TO_32_BIT_CONVERSION = YES;
				GCC_WARN_ABOUT_RETURN_TYPE = YES_ERROR;
				GCC_WARN_UNDECLARED_SELECTOR = YES;
				GCC_WARN_UNINITIALIZED_AUTOS = YES_AGGRESSIVE;
				GCC_WARN_UNUSED_FUNCTION = YES;
				GCC_WARN_UNUSED_VARIABLE = YES;
				IPHONEOS_DEPLOYMENT_TARGET = 18.2;
				LOCALIZATION_PREFERS_STRING_CATALOGS = YES;
				MTL_ENABLE_DEBUG_INFO = NO;
				MTL_FAST_MATH = YES;
				SDKROOT = iphoneos;
				SWIFT_COMPILATION_MODE = wholemodule;
				VALIDATE_PRODUCT = YES;
			};
			name = Release;
		};
		D0D743462D791A0E00887648 /* Debug */ = {
			isa = XCBuildConfiguration;
			buildSettings = {
				ASSETCATALOG_COMPILER_APPICON_NAME = AppIcon;
				ASSETCATALOG_COMPILER_GLOBAL_ACCENT_COLOR_NAME = AccentColor;
				CODE_SIGN_STYLE = Automatic;
				CURRENT_PROJECT_VERSION = 1;
				DEVELOPMENT_ASSET_PATHS = "\"travel split/Preview Content\"";
				DEVELOPMENT_TEAM = 8VU7DPQ378;
				ENABLE_PREVIEWS = YES;
				GENERATE_INFOPLIST_FILE = YES;
				INFOPLIST_KEY_UIApplicationSceneManifest_Generation = YES;
				INFOPLIST_KEY_UIApplicationSupportsIndirectInputEvents = YES;
				INFOPLIST_KEY_UILaunchScreen_Generation = YES;
				INFOPLIST_KEY_UISupportedInterfaceOrientations_iPad = "UIInterfaceOrientationPortrait UIInterfaceOrientationPortraitUpsideDown UIInterfaceOrientationLandscapeLeft UIInterfaceOrientationLandscapeRight";
				INFOPLIST_KEY_UISupportedInterfaceOrientations_iPhone = "UIInterfaceOrientationPortrait UIInterfaceOrientationLandscapeLeft UIInterfaceOrientationLandscapeRight";
				LD_RUNPATH_SEARCH_PATHS = (
					"$(inherited)",
					"@executable_path/Frameworks",
				);
				MARKETING_VERSION = 1.0;
				PRODUCT_BUNDLE_IDENTIFIER = "com.ethanhoppe.travel-split";
				PRODUCT_NAME = "$(TARGET_NAME)";
				SWIFT_EMIT_LOC_STRINGS = YES;
				SWIFT_VERSION = 5.0;
				TARGETED_DEVICE_FAMILY = "1,2";
			};
			name = Debug;
		};
		D0D743472D791A0E00887648 /* Release */ = {
			isa = XCBuildConfiguration;
			buildSettings = {
				ASSETCATALOG_COMPILER_APPICON_NAME = AppIcon;
				ASSETCATALOG_COMPILER_GLOBAL_ACCENT_COLOR_NAME = AccentColor;
				CODE_SIGN_STYLE = Automatic;
				CURRENT_PROJECT_VERSION = 1;
				DEVELOPMENT_ASSET_PATHS = "\"travel split/Preview Content\"";
				DEVELOPMENT_TEAM = 8VU7DPQ378;
				ENABLE_PREVIEWS = YES;
				GENERATE_INFOPLIST_FILE = YES;
				INFOPLIST_KEY_UIApplicationSceneManifest_Generation = YES;
				INFOPLIST_KEY_UIApplicationSupportsIndirectInputEvents = YES;
				INFOPLIST_KEY_UILaunchScreen_Generation = YES;
				INFOPLIST_KEY_UISupportedInterfaceOrientations_iPad = "UIInterfaceOrientationPortrait UIInterfaceOrientationPortraitUpsideDown UIInterfaceOrientationLandscapeLeft UIInterfaceOrientationLandscapeRight";
				INFOPLIST_KEY_UISupportedInterfaceOrientations_iPhone = "UIInterfaceOrientationPortrait UIInterfaceOrientationLandscapeLeft UIInterfaceOrientationLandscapeRight";
				LD_RUNPATH_SEARCH_PATHS = (
					"$(inherited)",
					"@executable_path/Frameworks",
				);
				MARKETING_VERSION = 1.0;
				PRODUCT_BUNDLE_IDENTIFIER = "com.ethanhoppe.travel-split";
				PRODUCT_NAME = "$(TARGET_NAME)";
				SWIFT_EMIT_LOC_STRINGS = YES;
				SWIFT_VERSION = 5.0;
				TARGETED_DEVICE_FAMILY = "1,2";
			};
			name = Release;
		};
		D0D743492D791A0E00887648 /* Debug */ = {
			isa = XCBuildConfiguration;
			buildSettings = {
				BUNDLE_LOADER = "$(TEST_HOST)";
				CODE_SIGN_STYLE = Automatic;
				CURRENT_PROJECT_VERSION = 1;
				DEVELOPMENT_TEAM = 8VU7DPQ378;
				GENERATE_INFOPLIST_FILE = YES;
				IPHONEOS_DEPLOYMENT_TARGET = 18.2;
				MARKETING_VERSION = 1.0;
				PRODUCT_BUNDLE_IDENTIFIER = "com.ethanhoppe.travel-splitTests";
				PRODUCT_NAME = "$(TARGET_NAME)";
				SWIFT_EMIT_LOC_STRINGS = NO;
				SWIFT_VERSION = 5.0;
				TARGETED_DEVICE_FAMILY = "1,2";
				TEST_HOST = "$(BUILT_PRODUCTS_DIR)/travel split.app/$(BUNDLE_EXECUTABLE_FOLDER_PATH)/travel split";
			};
			name = Debug;
		};
		D0D7434A2D791A0E00887648 /* Release */ = {
			isa = XCBuildConfiguration;
			buildSettings = {
				BUNDLE_LOADER = "$(TEST_HOST)";
				CODE_SIGN_STYLE = Automatic;
				CURRENT_PROJECT_VERSION = 1;
				DEVELOPMENT_TEAM = 8VU7DPQ378;
				GENERATE_INFOPLIST_FILE = YES;
				IPHONEOS_DEPLOYMENT_TARGET = 18.2;
				MARKETING_VERSION = 1.0;
				PRODUCT_BUNDLE_IDENTIFIER = "com.ethanhoppe.travel-splitTests";
				PRODUCT_NAME = "$(TARGET_NAME)";
				SWIFT_EMIT_LOC_STRINGS = NO;
				SWIFT_VERSION = 5.0;
				TARGETED_DEVICE_FAMILY = "1,2";
				TEST_HOST = "$(BUILT_PRODUCTS_DIR)/travel split.app/$(BUNDLE_EXECUTABLE_FOLDER_PATH)/travel split";
			};
			name = Release;
		};
		D0D7434C2D791A0E00887648 /* Debug */ = {
			isa = XCBuildConfiguration;
			buildSettings = {
				CODE_SIGN_STYLE = Automatic;
				CURRENT_PROJECT_VERSION = 1;
				DEVELOPMENT_TEAM = 8VU7DPQ378;
				GENERATE_INFOPLIST_FILE = YES;
				MARKETING_VERSION = 1.0;
				PRODUCT_BUNDLE_IDENTIFIER = "com.ethanhoppe.travel-splitUITests";
				PRODUCT_NAME = "$(TARGET_NAME)";
				SWIFT_EMIT_LOC_STRINGS = NO;
				SWIFT_VERSION = 5.0;
				TARGETED_DEVICE_FAMILY = "1,2";
				TEST_TARGET_NAME = "travel split";
			};
			name = Debug;
		};
		D0D7434D2D791A0E00887648 /* Release */ = {
			isa = XCBuildConfiguration;
			buildSettings = {
				CODE_SIGN_STYLE = Automatic;
				CURRENT_PROJECT_VERSION = 1;
				DEVELOPMENT_TEAM = 8VU7DPQ378;
				GENERATE_INFOPLIST_FILE = YES;
				MARKETING_VERSION = 1.0;
				PRODUCT_BUNDLE_IDENTIFIER = "com.ethanhoppe.travel-splitUITests";
				PRODUCT_NAME = "$(TARGET_NAME)";
				SWIFT_EMIT_LOC_STRINGS = NO;
				SWIFT_VERSION = 5.0;
				TARGETED_DEVICE_FAMILY = "1,2";
				TEST_TARGET_NAME = "travel split";
			};
			name = Release;
		};
/* End XCBuildConfiguration section */

/* Begin XCConfigurationList section */
		D0D7431C2D791A0900887648 /* Build configuration list for PBXProject "travel split" */ = {
			isa = XCConfigurationList;
			buildConfigurations = (
				D0D743432D791A0E00887648 /* Debug */,
				D0D743442D791A0E00887648 /* Release */,
			);
			defaultConfigurationIsVisible = 0;
			defaultConfigurationName = Release;
		};
		D0D743452D791A0E00887648 /* Build configuration list for PBXNativeTarget "travel split" */ = {
			isa = XCConfigurationList;
			buildConfigurations = (
				D0D743462D791A0E00887648 /* Debug */,
				D0D743472D791A0E00887648 /* Release */,
			);
			defaultConfigurationIsVisible = 0;
			defaultConfigurationName = Release;
		};
		D0D743482D791A0E00887648 /* Build configuration list for PBXNativeTarget "travel splitTests" */ = {
			isa = XCConfigurationList;
			buildConfigurations = (
				D0D743492D791A0E00887648 /* Debug */,
				D0D7434A2D791A0E00887648 /* Release */,
			);
			defaultConfigurationIsVisible = 0;
			defaultConfigurationName = Release;
		};
		D0D7434B2D791A0E00887648 /* Build configuration list for PBXNativeTarget "travel splitUITests" */ = {
			isa = XCConfigurationList;
			buildConfigurations = (
				D0D7434C2D791A0E00887648 /* Debug */,
				D0D7434D2D791A0E00887648 /* Release */,
			);
			defaultConfigurationIsVisible = 0;
			defaultConfigurationName = Release;
		};
/* End XCConfigurationList section */

/* Begin XCRemoteSwiftPackageReference section */
		D0CD9DC42D7ABCA400FD3A32 /* XCRemoteSwiftPackageReference "firebase-ios-sdk" */ = {
			isa = XCRemoteSwiftPackageReference;
			repositoryURL = "https://github.com/firebase/firebase-ios-sdk";
			requirement = {
				kind = upToNextMajorVersion;
				minimumVersion = 11.9.0;
			};
		};
/* End XCRemoteSwiftPackageReference section */

/* Begin XCSwiftPackageProductDependency section */
		D0CD9DC52D7ABCA400FD3A32 /* FirebaseAuth */ = {
			isa = XCSwiftPackageProductDependency;
			package = D0CD9DC42D7ABCA400FD3A32 /* XCRemoteSwiftPackageReference "firebase-ios-sdk" */;
			productName = FirebaseAuth;
		};
		D0CD9DC72D7ABCA400FD3A32 /* FirebaseCore */ = {
			isa = XCSwiftPackageProductDependency;
			package = D0CD9DC42D7ABCA400FD3A32 /* XCRemoteSwiftPackageReference "firebase-ios-sdk" */;
			productName = FirebaseCore;
		};
		D0CD9DC92D7ABCA400FD3A32 /* FirebaseDynamicLinks */ = {
			isa = XCSwiftPackageProductDependency;
			package = D0CD9DC42D7ABCA400FD3A32 /* XCRemoteSwiftPackageReference "firebase-ios-sdk" */;
			productName = FirebaseDynamicLinks;
		};
		D0CD9DCB2D7ABCA400FD3A32 /* FirebaseFirestore */ = {
			isa = XCSwiftPackageProductDependency;
			package = D0CD9DC42D7ABCA400FD3A32 /* XCRemoteSwiftPackageReference "firebase-ios-sdk" */;
			productName = FirebaseFirestore;
		};
/* End XCSwiftPackageProductDependency section */
	};
	rootObject = D0D743192D791A0900887648 /* Project object */;
}
